<?xml version="1.0" encoding="utf-8"?>
<Project ToolsVersion="4.0" xmlns="http://schemas.microsoft.com/developer/msbuild/2003">
  <ItemGroup>
    <Filter Include="gta">
      <UniqueIdentifier>{6178880B-CD81-887C-56FD-9E7CC205947C}</UniqueIdentifier>
    </Filter>
    <Filter Include="gui">
      <UniqueIdentifier>{8A78880B-F681-887C-7FFD-9E7CEB05947C}</UniqueIdentifier>
    </Filter>
    <Filter Include="memory">
      <UniqueIdentifier>{DEA8820D-CA4A-ADE3-B305-C1379F463434}</UniqueIdentifier>
    </Filter>
    <Filter Include="pointer">
      <UniqueIdentifier>{73447efb-a77c-4170-9e9f-d4e0d15b6786}</UniqueIdentifier>
    </Filter>
    <Filter Include="hooking">
      <UniqueIdentifier>{bd8e9e17-0d4e-404c-bff8-22e3090b65f3}</UniqueIdentifier>
    </Filter>
    <Filter Include="hooking\detour">
      <UniqueIdentifier>{7deb037a-b5de-4456-a703-ae2c6653f417}</UniqueIdentifier>
    </Filter>
    <Filter Include="hooking\vmt">
      <UniqueIdentifier>{45aa5b7e-fdfd-4393-84eb-1ee4b8a6d41a}</UniqueIdentifier>
    </Filter>
    <Filter Include="script">
      <UniqueIdentifier>{4ee222bb-af22-419a-94ad-e3fa8c767995}</UniqueIdentifier>
    </Filter>
    <Filter Include="script\fiber">
      <UniqueIdentifier>{7b7e18a6-8f25-4546-a980-f09509c3c617}</UniqueIdentifier>
    </Filter>
    <Filter Include="util">
      <UniqueIdentifier>{d6d890dc-06aa-49d7-8950-58ded983b441}</UniqueIdentifier>
    </Filter>
    <Filter Include="log">
      <UniqueIdentifier>{6554a31d-19d5-473c-b6db-6096a8c4ee0a}</UniqueIdentifier>
    </Filter>
    <Filter Include="renderer">
      <UniqueIdentifier>{2718aa2d-7333-4ae3-891a-8ed224c168a5}</UniqueIdentifier>
    </Filter>
    <Filter Include="invoker">
      <UniqueIdentifier>{78bbecd4-abe3-4cef-b7f5-6ea36a6e3539}</UniqueIdentifier>
    </Filter>
    <Filter Include="UI">
      <UniqueIdentifier>{3ca1ee61-751f-4ffb-a4d3-70a40b375479}</UniqueIdentifier>
    </Filter>
    <Filter Include="UI\option">
      <UniqueIdentifier>{23cbc361-f806-462c-bd2b-80d370d08ecb}</UniqueIdentifier>
    </Filter>
    <Filter Include="UI\submenu">
      <UniqueIdentifier>{07288ede-8d6f-46b8-8f45-f95444e434ab}</UniqueIdentifier>
    </Filter>
    <Filter Include="gui\list">
      <UniqueIdentifier>{657b9121-337f-4db5-be0e-4454986ad4a6}</UniqueIdentifier>
    </Filter>
    <Filter Include="Discord">
      <UniqueIdentifier>{66c389b1-eb37-4648-b699-e72abe34093d}</UniqueIdentifier>
    </Filter>
    <Filter Include="Discord\Backend">
      <UniqueIdentifier>{c6e2087e-4e7f-43a8-83e6-63d6ca701403}</UniqueIdentifier>
    </Filter>
  </ItemGroup>
  <ItemGroup>
    <ClInclude Include="src\common.hpp" />
    <ClInclude Include="src\gta\array.hpp">
      <Filter>gta</Filter>
    </ClInclude>
    <ClInclude Include="src\gta\base.hpp">
      <Filter>gta</Filter>
    </ClInclude>
    <ClInclude Include="src\gta\enums.hpp">
      <Filter>gta</Filter>
    </ClInclude>
    <ClInclude Include="src\gta\extensible.hpp">
      <Filter>gta</Filter>
    </ClInclude>
    <ClInclude Include="src\gta\fwddec.hpp">
      <Filter>gta</Filter>
    </ClInclude>
    <ClInclude Include="src\gta\joaat.hpp">
      <Filter>gta</Filter>
    </ClInclude>
    <ClInclude Include="src\gta\natives.hpp">
      <Filter>gta</Filter>
    </ClInclude>
    <ClInclude Include="src\gta\ped_factory.hpp">
      <Filter>gta</Filter>
    </ClInclude>
    <ClInclude Include="src\gta\player.hpp">
      <Filter>gta</Filter>
    </ClInclude>
    <ClInclude Include="src\gta\ref_aware.hpp">
      <Filter>gta</Filter>
    </ClInclude>
    <ClInclude Include="src\gta\script_program.hpp">
      <Filter>gta</Filter>
    </ClInclude>
    <ClInclude Include="src\gta\script_thread.hpp">
      <Filter>gta</Filter>
    </ClInclude>
    <ClInclude Include="src\gta\tls_context.hpp">
      <Filter>gta</Filter>
    </ClInclude>
    <ClInclude Include="src\gta\vector.hpp">
      <Filter>gta</Filter>
    </ClInclude>
    <ClInclude Include="src\gui\base_tab.h">
      <Filter>gui</Filter>
    </ClInclude>
    <ClInclude Include="src\memory\all.hpp">
      <Filter>memory</Filter>
    </ClInclude>
    <ClInclude Include="src\memory\fwddec.hpp">
      <Filter>memory</Filter>
    </ClInclude>
    <ClInclude Include="src\memory\handle.hpp">
      <Filter>memory</Filter>
    </ClInclude>
    <ClInclude Include="src\memory\module.hpp">
      <Filter>memory</Filter>
    </ClInclude>
    <ClInclude Include="src\memory\pattern.hpp">
      <Filter>memory</Filter>
    </ClInclude>
    <ClInclude Include="src\memory\pattern_batch.hpp">
      <Filter>memory</Filter>
    </ClInclude>
    <ClInclude Include="src\memory\range.hpp">
      <Filter>memory</Filter>
    </ClInclude>
    <ClInclude Include="src\hooking.hpp">
      <Filter>hooking</Filter>
    </ClInclude>
    <ClInclude Include="src\vmt_hook.hpp">
      <Filter>hooking\vmt</Filter>
    </ClInclude>
    <ClInclude Include="src\detour_hook.hpp">
      <Filter>hooking\detour</Filter>
    </ClInclude>
    <ClInclude Include="src\pointers.hpp">
      <Filter>pointer</Filter>
    </ClInclude>
    <ClInclude Include="src\script.hpp">
      <Filter>script</Filter>
    </ClInclude>
    <ClInclude Include="src\script_global.hpp">
      <Filter>script</Filter>
    </ClInclude>
    <ClInclude Include="src\script_hook.hpp">
      <Filter>script</Filter>
    </ClInclude>
    <ClInclude Include="src\script_local.hpp">
      <Filter>script</Filter>
    </ClInclude>
    <ClInclude Include="src\script_mgr.hpp">
      <Filter>script</Filter>
    </ClInclude>
    <ClInclude Include="src\fiber_pool.hpp">
      <Filter>script\fiber</Filter>
    </ClInclude>
    <ClInclude Include="src\gta_util.hpp">
      <Filter>util</Filter>
    </ClInclude>
    <ClInclude Include="src\fonts.hpp">
      <Filter>util</Filter>
    </ClInclude>
    <ClInclude Include="src\features.hpp">
      <Filter>util</Filter>
    </ClInclude>
    <ClInclude Include="src\logger.hpp">
      <Filter>log</Filter>
    </ClInclude>
    <ClInclude Include="src\gui.hpp">
      <Filter>renderer</Filter>
    </ClInclude>
    <ClInclude Include="src\renderer.hpp">
      <Filter>renderer</Filter>
    </ClInclude>
    <ClInclude Include="src\invoker.hpp">
      <Filter>invoker</Filter>
    </ClInclude>
    <ClInclude Include="src\crossmap.hpp">
      <Filter>invoker</Filter>
    </ClInclude>
    <ClInclude Include="src\natives.hpp">
      <Filter>invoker</Filter>
    </ClInclude>
    <ClInclude Include="src\function_types.hpp">
      <Filter>pointer</Filter>
    </ClInclude>
    <ClInclude Include="util.hpp">
      <Filter>util</Filter>
    </ClInclude>
    <ClInclude Include="src\UI\UIManager.hpp">
      <Filter>UI</Filter>
    </ClInclude>
    <ClInclude Include="src\UI\option\AbstractOption.hpp">
      <Filter>UI\option</Filter>
    </ClInclude>
    <ClInclude Include="src\UI\option\BaseOption.hpp">
      <Filter>UI\option</Filter>
    </ClInclude>
    <ClInclude Include="src\UI\option\BoolOption.hpp">
      <Filter>UI\option</Filter>
    </ClInclude>
    <ClInclude Include="src\UI\option\BreakOption.hpp">
      <Filter>UI\option</Filter>
    </ClInclude>
    <ClInclude Include="src\UI\option\ChooseOption.hpp">
      <Filter>UI\option</Filter>
    </ClInclude>
    <ClInclude Include="src\UI\option\NumberOption.hpp">
      <Filter>UI\option</Filter>
    </ClInclude>
    <ClInclude Include="src\UI\option\RegularOption.hpp">
      <Filter>UI\option</Filter>
    </ClInclude>
    <ClInclude Include="src\UI\option\SubOption.hpp">
      <Filter>UI\option</Filter>
    </ClInclude>
    <ClInclude Include="src\UI\submenu\AbstractSubmenu.hpp">
      <Filter>UI\submenu</Filter>
    </ClInclude>
    <ClInclude Include="src\UI\submenu\BaseSubmenu.hpp">
      <Filter>UI\submenu</Filter>
    </ClInclude>
    <ClInclude Include="src\UI\submenu\RegularSubmenu.hpp">
      <Filter>UI\submenu</Filter>
    </ClInclude>
    <ClInclude Include="src\UI\submenu\PlayerSubmenu.hpp">
      <Filter>UI\submenu</Filter>
    </ClInclude>
    <ClInclude Include="src\UI\Timer.hpp">
      <Filter>UI</Filter>
    </ClInclude>
    <ClInclude Include="src\UI\TextBox.hpp">
      <Filter>UI</Filter>
    </ClInclude>
    <ClInclude Include="src\UI\settings.hpp">
      <Filter>UI</Filter>
    </ClInclude>
    <ClInclude Include="src\UI\Types.hpp">
      <Filter>UI</Filter>
    </ClInclude>
    <ClInclude Include="src\gui\list\mainscript.hpp">
      <Filter>gui\list</Filter>
    </ClInclude>
    <ClInclude Include="src\gui\list\submenu.hpp">
      <Filter>gui\list</Filter>
    </ClInclude>
    <ClInclude Include="src\Discord\register.h">
      <Filter>Discord\Backend</Filter>
    </ClInclude>
    <ClInclude Include="src\Discord\ds_rpc.h">
      <Filter>Discord\Backend</Filter>
    </ClInclude>
    <ClInclude Include="src\Discord\handler.h">
      <Filter>Discord\Backend</Filter>
    </ClInclude>
  </ItemGroup>
  <ItemGroup>
    <ClCompile Include="src\common.cpp" />
    <ClCompile Include="src\gui\base_tab.cpp">
      <Filter>gui</Filter>
    </ClCompile>
    <ClCompile Include="src\main.cpp" />
    <ClCompile Include="src\memory\module.cpp">
      <Filter>memory</Filter>
    </ClCompile>
    <ClCompile Include="src\memory\pattern.cpp">
      <Filter>memory</Filter>
    </ClCompile>
    <ClCompile Include="src\memory\pattern_batch.cpp">
      <Filter>memory</Filter>
    </ClCompile>
    <ClCompile Include="src\memory\range.cpp">
      <Filter>memory</Filter>
    </ClCompile>
    <ClCompile Include="src\hooking.cpp">
      <Filter>hooking</Filter>
    </ClCompile>
    <ClCompile Include="src\vmt_hook.cpp">
      <Filter>hooking\vmt</Filter>
    </ClCompile>
    <ClCompile Include="src\detour_hook.cpp">
      <Filter>hooking\detour</Filter>
    </ClCompile>
    <ClCompile Include="src\pointers.cpp">
      <Filter>pointer</Filter>
    </ClCompile>
    <ClCompile Include="src\script.cpp">
      <Filter>script</Filter>
    </ClCompile>
    <ClCompile Include="src\script_global.cpp">
      <Filter>script</Filter>
    </ClCompile>
    <ClCompile Include="src\script_hook.cpp">
      <Filter>script</Filter>
    </ClCompile>
    <ClCompile Include="src\script_local.cpp">
      <Filter>script</Filter>
    </ClCompile>
    <ClCompile Include="src\script_mgr.cpp">
      <Filter>script</Filter>
    </ClCompile>
    <ClCompile Include="src\fiber_pool.cpp">
      <Filter>script\fiber</Filter>
    </ClCompile>
    <ClCompile Include="src\fonts.cpp">
      <Filter>util</Filter>
    </ClCompile>
    <ClCompile Include="src\features.cpp">
      <Filter>util</Filter>
    </ClCompile>
    <ClCompile Include="src\gui.cpp">
      <Filter>renderer</Filter>
    </ClCompile>
    <ClCompile Include="src\renderer.cpp">
      <Filter>renderer</Filter>
    </ClCompile>
    <ClCompile Include="src\invoker.cpp">
      <Filter>invoker</Filter>
    </ClCompile>
    <ClCompile Include="util.cpp">
      <Filter>util</Filter>
    </ClCompile>
    <ClCompile Include="src\UI\UIManager.cpp">
      <Filter>UI</Filter>
    </ClCompile>
    <ClCompile Include="src\gui\list\mainscript.cpp">
      <Filter>gui\list</Filter>
    </ClCompile>
    <ClCompile Include="src\Discord\Discord.cpp">
      <Filter>Discord</Filter>
    </ClCompile>
  </ItemGroup>
</Project>